// !$*UTF8*$!
{
	archiveVersion = 1;
	classes = {
	};
	objectVersion = 48;
	objects = {

/* Begin PBXBuildFile section */
		D9488D43200F4E21005B883D /* AppDelegate.swift in Sources */ = {isa = PBXBuildFile; fileRef = D9488D42200F4E21005B883D /* AppDelegate.swift */; };
		D9488D45200F4E21005B883D /* ViewController.swift in Sources */ = {isa = PBXBuildFile; fileRef = D9488D44200F4E21005B883D /* ViewController.swift */; };
		D9488D48200F4E21005B883D /* Main.storyboard in Resources */ = {isa = PBXBuildFile; fileRef = D9488D46200F4E21005B883D /* Main.storyboard */; };
		D9488D4A200F4E21005B883D /* Assets.xcassets in Resources */ = {isa = PBXBuildFile; fileRef = D9488D49200F4E21005B883D /* Assets.xcassets */; };
		D9488D4D200F4E21005B883D /* LaunchScreen.storyboard in Resources */ = {isa = PBXBuildFile; fileRef = D9488D4B200F4E21005B883D /* LaunchScreen.storyboard */; };
		D9488D58200F4E21005B883D /* SearchSwiftSampleTests.swift in Sources */ = {isa = PBXBuildFile; fileRef = D9488D57200F4E21005B883D /* SearchSwiftSampleTests.swift */; };
/* End PBXBuildFile section */

/* Begin PBXContainerItemProxy section */
		D9488D54200F4E21005B883D /* PBXContainerItemProxy */ = {
			isa = PBXContainerItemProxy;
			containerPortal = D9488D37200F4E21005B883D /* Project object */;
			proxyType = 1;
			remoteGlobalIDString = D9488D3E200F4E21005B883D;
			remoteInfo = SearchSwiftSample;
		};
/* End PBXContainerItemProxy section */

/* Begin PBXFileReference section */
		D9488D3F200F4E21005B883D /* SearchSwiftSample.app */ = {isa = PBXFileReference; explicitFileType = wrapper.application; includeInIndex = 0; path = SearchSwiftSample.app; sourceTree = BUILT_PRODUCTS_DIR; };
		D9488D42200F4E21005B883D /* AppDelegate.swift */ = {isa = PBXFileReference; lastKnownFileType = sourcecode.swift; path = AppDelegate.swift; sourceTree = "<group>"; };
		D9488D44200F4E21005B883D /* ViewController.swift */ = {isa = PBXFileReference; lastKnownFileType = sourcecode.swift; path = ViewController.swift; sourceTree = "<group>"; };
		D9488D47200F4E21005B883D /* Base */ = {isa = PBXFileReference; lastKnownFileType = file.storyboard; name = Base; path = Base.lproj/Main.storyboard; sourceTree = "<group>"; };
		D9488D49200F4E21005B883D /* Assets.xcassets */ = {isa = PBXFileReference; lastKnownFileType = folder.assetcatalog; path = Assets.xcassets; sourceTree = "<group>"; };
		D9488D4C200F4E21005B883D /* Base */ = {isa = PBXFileReference; lastKnownFileType = file.storyboard; name = Base; path = Base.lproj/LaunchScreen.storyboard; sourceTree = "<group>"; };
		D9488D4E200F4E21005B883D /* Info.plist */ = {isa = PBXFileReference; lastKnownFileType = text.plist.xml; path = Info.plist; sourceTree = "<group>"; };
		D9488D53200F4E21005B883D /* SearchSwiftSampleTests.xctest */ = {isa = PBXFileReference; explicitFileType = wrapper.cfbundle; includeInIndex = 0; path = SearchSwiftSampleTests.xctest; sourceTree = BUILT_PRODUCTS_DIR; };
		D9488D57200F4E21005B883D /* SearchSwiftSampleTests.swift */ = {isa = PBXFileReference; lastKnownFileType = sourcecode.swift; path = SearchSwiftSampleTests.swift; sourceTree = "<group>"; };
		D9488D59200F4E21005B883D /* Info.plist */ = {isa = PBXFileReference; lastKnownFileType = text.plist.xml; path = Info.plist; sourceTree = "<group>"; };
/* End PBXFileReference section */

/* Begin PBXFrameworksBuildPhase section */
		D9488D3C200F4E21005B883D /* Frameworks */ = {
			isa = PBXFrameworksBuildPhase;
			buildActionMask = 2147483647;
			files = (
			);
			runOnlyForDeploymentPostprocessing = 0;
		};
		D9488D50200F4E21005B883D /* Frameworks */ = {
			isa = PBXFrameworksBuildPhase;
			buildActionMask = 2147483647;
			files = (
			);
			runOnlyForDeploymentPostprocessing = 0;
		};
/* End PBXFrameworksBuildPhase section */

/* Begin PBXGroup section */
		D9488D36200F4E21005B883D = {
			isa = PBXGroup;
			children = (
				D9488D41200F4E21005B883D /* SearchSwiftSample */,
				D9488D56200F4E21005B883D /* SearchSwiftSampleTests */,
				D9488D40200F4E21005B883D /* Products */,
			);
			sourceTree = "<group>";
		};
		D9488D40200F4E21005B883D /* Products */ = {
			isa = PBXGroup;
			children = (
				D9488D3F200F4E21005B883D /* SearchSwiftSample.app */,
				D9488D53200F4E21005B883D /* SearchSwiftSampleTests.xctest */,
			);
			name = Products;
			sourceTree = "<group>";
		};
		D9488D41200F4E21005B883D /* SearchSwiftSample */ = {
			isa = PBXGroup;
			children = (
				D9488D42200F4E21005B883D /* AppDelegate.swift */,
				D9488D44200F4E21005B883D /* ViewController.swift */,
				D9488D46200F4E21005B883D /* Main.storyboard */,
				D9488D49200F4E21005B883D /* Assets.xcassets */,
				D9488D4B200F4E21005B883D /* LaunchScreen.storyboard */,
				D9488D4E200F4E21005B883D /* Info.plist */,
			);
			path = SearchSwiftSample;
			sourceTree = "<group>";
		};
		D9488D56200F4E21005B883D /* SearchSwiftSampleTests */ = {
			isa = PBXGroup;
			children = (
				D9488D57200F4E21005B883D /* SearchSwiftSampleTests.swift */,
				D9488D59200F4E21005B883D /* Info.plist */,
			);
			path = SearchSwiftSampleTests;
			sourceTree = "<group>";
		};
/* End PBXGroup section */

/* Begin PBXNativeTarget section */
		D9488D3E200F4E21005B883D /* SearchSwiftSample */ = {
			isa = PBXNativeTarget;
			buildConfigurationList = D9488D5C200F4E21005B883D /* Build configuration list for PBXNativeTarget "SearchSwiftSample" */;
			buildPhases = (
				D9488D3B200F4E21005B883D /* Sources */,
				D9488D3C200F4E21005B883D /* Frameworks */,
				D9488D3D200F4E21005B883D /* Resources */,
			);
			buildRules = (
			);
			dependencies = (
			);
			name = SearchSwiftSample;
			productName = SearchSwiftSample;
			productReference = D9488D3F200F4E21005B883D /* SearchSwiftSample.app */;
			productType = "com.apple.product-type.application";
		};
		D9488D52200F4E21005B883D /* SearchSwiftSampleTests */ = {
			isa = PBXNativeTarget;
			buildConfigurationList = D9488D5F200F4E21005B883D /* Build configuration list for PBXNativeTarget "SearchSwiftSampleTests" */;
			buildPhases = (
				D9488D4F200F4E21005B883D /* Sources */,
				D9488D50200F4E21005B883D /* Frameworks */,
				D9488D51200F4E21005B883D /* Resources */,
			);
			buildRules = (
			);
			dependencies = (
				D9488D55200F4E21005B883D /* PBXTargetDependency */,
			);
			name = SearchSwiftSampleTests;
			productName = SearchSwiftSampleTests;
			productReference = D9488D53200F4E21005B883D /* SearchSwiftSampleTests.xctest */;
			productType = "com.apple.product-type.bundle.unit-test";
		};
/* End PBXNativeTarget section */

/* Begin PBXProject section */
		D9488D37200F4E21005B883D /* Project object */ = {
			isa = PBXProject;
			attributes = {
				LastSwiftUpdateCheck = 0900;
				LastUpgradeCheck = 0900;
				ORGANIZATIONNAME = "Swati Wadhera";
				TargetAttributes = {
					D9488D3E200F4E21005B883D = {
						CreatedOnToolsVersion = 9.0;
						ProvisioningStyle = Automatic;
					};
					D9488D52200F4E21005B883D = {
						CreatedOnToolsVersion = 9.0;
						ProvisioningStyle = Automatic;
						TestTargetID = D9488D3E200F4E21005B883D;
					};
				};
			};
			buildConfigurationList = D9488D3A200F4E21005B883D /* Build configuration list for PBXProject "SearchSwiftSample" */;
			compatibilityVersion = "Xcode 8.0";
			developmentRegion = en;
			hasScannedForEncodings = 0;
			knownRegions = (
				en,
				Base,
			);
			mainGroup = D9488D36200F4E21005B883D;
			productRefGroup = D9488D40200F4E21005B883D /* Products */;
			projectDirPath = "";
			projectRoot = "";
			targets = (
				D9488D3E200F4E21005B883D /* SearchSwiftSample */,
				D9488D52200F4E21005B883D /* SearchSwiftSampleTests */,
			);
		};
/* End PBXProject section */

/* Begin PBXResourcesBuildPhase section */
		D9488D3D200F4E21005B883D /* Resources */ = {
			isa = PBXResourcesBuildPhase;
			buildActionMask = 2147483647;
			files = (
				D9488D4D200F4E21005B883D /* LaunchScreen.storyboard in Resources */,
				D9488D4A200F4E21005B883D /* Assets.xcassets in Resources */,
				D9488D48200F4E21005B883D /* Main.storyboard in Resources */,
			);
			runOnlyForDeploymentPostprocessing = 0;
		};
		D9488D51200F4E21005B883D /* Resources */ = {
			isa = PBXResourcesBuildPhase;
			buildActionMask = 2147483647;
			files = (
			);
			runOnlyForDeploymentPostprocessing = 0;
		};
/* End PBXResourcesBuildPhase section */

/* Begin PBXSourcesBuildPhase section */
		D9488D3B200F4E21005B883D /* Sources */ = {
			isa = PBXSourcesBuildPhase;
			buildActionMask = 2147483647;
			files = (
				D9488D45200F4E21005B883D /* ViewController.swift in Sources */,
				D9488D43200F4E21005B883D /* AppDelegate.swift in Sources */,
			);
			runOnlyForDeploymentPostprocessing = 0;
		};
		D9488D4F200F4E21005B883D /* Sources */ = {
			isa = PBXSourcesBuildPhase;
			buildActionMask = 2147483647;
			files = (
				D9488D58200F4E21005B883D /* SearchSwiftSampleTests.swift in Sources */,
			);
			runOnlyForDeploymentPostprocessing = 0;
		};
/* End PBXSourcesBuildPhase section */

/* Begin PBXTargetDependency section */
		D9488D55200F4E21005B883D /* PBXTargetDependency */ = {
			isa = PBXTargetDependency;
			target = D9488D3E200F4E21005B883D /* SearchSwiftSample */;
			targetProxy = D9488D54200F4E21005B883D /* PBXContainerItemProxy */;
		};
/* End PBXTargetDependency section */

/* Begin PBXVariantGroup section */
		D9488D46200F4E21005B883D /* Main.storyboard */ = {
			isa = PBXVariantGroup;
			children = (
				D9488D47200F4E21005B883D /* Base */,
			);
			name = Main.storyboard;
			sourceTree = "<group>";
		};
		D9488D4B200F4E21005B883D /* LaunchScreen.storyboard */ = {
			isa = PBXVariantGroup;
			children = (
				D9488D4C200F4E21005B883D /* Base */,
			);
			name = LaunchScreen.storyboard;
			sourceTree = "<group>";
		};
/* End PBXVariantGroup section */

/* Begin XCBuildConfiguration section */
		D9488D5A200F4E21005B883D /* Debug */ = {
			isa = XCBuildConfiguration;
			buildSettings = {
				ALWAYS_SEARCH_USER_PATHS = NO;
				CLANG_ANALYZER_NONNULL = YES;
				CLANG_ANALYZER_NUMBER_OBJECT_CONVERSION = YES_AGGRESSIVE;
				CLANG_CXX_LANGUAGE_STANDARD = "gnu++14";
				CLANG_CXX_LIBRARY = "libc++";
				CLANG_ENABLE_MODULES = YES;
				CLANG_ENABLE_OBJC_ARC = YES;
				CLANG_WARN_BLOCK_CAPTURE_AUTORELEASING = YES;
				CLANG_WARN_BOOL_CONVERSION = YES;
				CLANG_WARN_COMMA = YES;
				CLANG_WARN_CONSTANT_CONVERSION = YES;
				CLANG_WARN_DIRECT_OBJC_ISA_USAGE = YES_ERROR;
				CLANG_WARN_DOCUMENTATION_COMMENTS = YES;
				CLANG_WARN_EMPTY_BODY = YES;
				CLANG_WARN_ENUM_CONVERSION = YES;
				CLANG_WARN_INFINITE_RECURSION = YES;
				CLANG_WARN_INT_CONVERSION = YES;
				CLANG_WARN_NON_LITERAL_NULL_CONVERSION = YES;
				CLANG_WARN_OBJC_LITERAL_CONVERSION = YES;
				CLANG_WARN_OBJC_ROOT_CLASS = YES_ERROR;
				CLANG_WARN_RANGE_LOOP_ANALYSIS = YES;
				CLANG_WARN_STRICT_PROTOTYPES = YES;
				CLANG_WARN_SUSPICIOUS_MOVE = YES;
				CLANG_WARN_UNGUARDED_AVAILABILITY = YES_AGGRESSIVE;
				CLANG_WARN_UNREACHABLE_CODE = YES;
				CLANG_WARN__DUPLICATE_METHOD_MATCH = YES;
				CODE_SIGN_IDENTITY = "iPhone Developer";
				COPY_PHASE_STRIP = NO;
				DEBUG_INFORMATION_FORMAT = dwarf;
				ENABLE_STRICT_OBJC_MSGSEND = YES;
				ENABLE_TESTABILITY = YES;
				GCC_C_LANGUAGE_STANDARD = gnu11;
				GCC_DYNAMIC_NO_PIC = NO;
				GCC_NO_COMMON_BLOCKS = YES;
				GCC_OPTIMIZATION_LEVEL = 0;
				GCC_PREPROCESSOR_DEFINITIONS = (
					"DEBUG=1",
					"$(inherited)",
				);
				GCC_WARN_64_TO_32_BIT_CONVERSION = YES;
				GCC_WARN_ABOUT_RETURN_TYPE = YES_ERROR;
				GCC_WARN_UNDECLARED_SELECTOR = YES;
				GCC_WARN_UNINITIALIZED_AUTOS = YES_AGGRESSIVE;
				GCC_WARN_UNUSED_FUNCTION = YES;
				GCC_WARN_UNUSED_VARIABLE = YES;
				IPHONEOS_DEPLOYMENT_TARGET = 11.0;
				MTL_ENABLE_DEBUG_INFO = YES;
				ONLY_ACTIVE_ARCH = YES;
				SDKROOT = iphoneos;
				SWIFT_ACTIVE_COMPILATION_CONDITIONS = DEBUG;
				SWIFT_OPTIMIZATION_LEVEL = "-Onone";
			};
			name = Debug;
		};
		D9488D5B200F4E21005B883D /* Release */ = {
			isa = XCBuildConfiguration;
			buildSettings = {
				ALWAYS_SEARCH_USER_PATHS = NO;
				CLANG_ANALYZER_NONNULL = YES;
				CLANG_ANALYZER_NUMBER_OBJECT_CONVERSION = YES_AGGRESSIVE;
				CLANG_CXX_LANGUAGE_STANDARD = "gnu++14";
				CLANG_CXX_LIBRARY = "libc++";
				CLANG_ENABLE_MODULES = YES;
				CLANG_ENABLE_OBJC_ARC = YES;
				CLANG_WARN_BLOCK_CAPTURE_AUTORELEASING = YES;
				CLANG_WARN_BOOL_CONVERSION = YES;
				CLANG_WARN_COMMA = YES;
				CLANG_WARN_CONSTANT_CONVERSION = YES;
				CLANG_WARN_DIRECT_OBJC_ISA_USAGE = YES_ERROR;
				CLANG_WARN_DOCUMENTATION_COMMENTS = YES;
				CLANG_WARN_EMPTY_BODY = YES;
				CLANG_WARN_ENUM_CONVERSION = YES;
				CLANG_WARN_INFINITE_RECURSION = YES;
				CLANG_WARN_INT_CONVERSION = YES;
				CLANG_WARN_NON_LITERAL_NULL_CONVERSION = YES;
				CLANG_WARN_OBJC_LITERAL_CONVERSION = YES;
				CLANG_WARN_OBJC_ROOT_CLASS = YES_ERROR;
				CLANG_WARN_RANGE_LOOP_ANALYSIS = YES;
				CLANG_WARN_STRICT_PROTOTYPES = YES;
				CLANG_WARN_SUSPICIOUS_MOVE = YES;
				CLANG_WARN_UNGUARDED_AVAILABILITY = YES_AGGRESSIVE;
				CLANG_WARN_UNREACHABLE_CODE = YES;
				CLANG_WARN__DUPLICATE_METHOD_MATCH = YES;
				CODE_SIGN_IDENTITY = "iPhone Developer";
				COPY_PHASE_STRIP = NO;
				DEBUG_INFORMATION_FORMAT = "dwarf-with-dsym";
				ENABLE_NS_ASSERTIONS = NO;
				ENABLE_STRICT_OBJC_MSGSEND = YES;
				GCC_C_LANGUAGE_STANDARD = gnu11;
				GCC_NO_COMMON_BLOCKS = YES;
				GCC_WARN_64_TO_32_BIT_CONVERSION = YES;
				GCC_WARN_ABOUT_RETURN_TYPE = YES_ERROR;
				GCC_WARN_UNDECLARED_SELECTOR = YES;
				GCC_WARN_UNINITIALIZED_AUTOS = YES_AGGRESSIVE;
				GCC_WARN_UNUSED_FUNCTION = YES;
				GCC_WARN_UNUSED_VARIABLE = YES;
				IPHONEOS_DEPLOYMENT_TARGET = 11.0;
				MTL_ENABLE_DEBUG_INFO = NO;
				SDKROOT = iphoneos;
				SWIFT_OPTIMIZATION_LEVEL = "-Owholemodule";
				VALIDATE_PRODUCT = YES;
			};
			name = Release;
		};
		D9488D5D200F4E21005B883D /* Debug */ = {
			isa = XCBuildConfiguration;
			buildSettings = {
				ASSETCATALOG_COMPILER_APPICON_NAME = AppIcon;
				CODE_SIGN_STYLE = Automatic;
				DEVELOPMENT_TEAM = R3N9B3ER78;
				INFOPLIST_FILE = SearchSwiftSample/Info.plist;
				LD_RUNPATH_SEARCH_PATHS = "$(inherited) @executable_path/Frameworks";
				PRODUCT_BUNDLE_IDENTIFIER = com.swati.SearchSwiftSample;
				PRODUCT_NAME = "$(TARGET_NAME)";
				SWIFT_VERSION = 4.0;
				TARGETED_DEVICE_FAMILY = "1,2";
			};
			name = Debug;
		};
		D9488D5E200F4E21005B883D /* Release */ = {
			isa = XCBuildConfiguration;
			buildSettings = {
				ASSETCATALOG_COMPILER_APPICON_NAME = AppIcon;
				CODE_SIGN_STYLE = Automatic;
				DEVELOPMENT_TEAM = R3N9B3ER78;
				INFOPLIST_FILE = SearchSwiftSample/Info.plist;
				LD_RUNPATH_SEARCH_PATHS = "$(inherited) @executable_path/Frameworks";
				PRODUCT_BUNDLE_IDENTIFIER = com.swati.SearchSwiftSample;
				PRODUCT_NAME = "$(TARGET_NAME)";
				SWIFT_VERSION = 4.0;
				TARGETED_DEVICE_FAMILY = "1,2";
			};
			name = Release;
		};
		D9488D60200F4E21005B883D /* Debug */ = {
			isa = XCBuildConfiguration;
			buildSettings = {
				ALWAYS_EMBED_SWIFT_STANDARD_LIBRARIES = YES;
				BUNDLE_LOADER = "$(TEST_HOST)";
				CODE_SIGN_STYLE = Automatic;
				DEVELOPMENT_TEAM = R3N9B3ER78;
				INFOPLIST_FILE = SearchSwiftSampleTests/Info.plist;
				LD_RUNPATH_SEARCH_PATHS = "$(inherited) @executable_path/Frameworks @loader_path/Frameworks";
				PRODUCT_BUNDLE_IDENTIFIER = com.swati.SearchSwiftSampleTests;
				PRODUCT_NAME = "$(TARGET_NAME)";
				SWIFT_VERSION = 4.0;
				TARGETED_DEVICE_FAMILY = "1,2";
				TEST_HOST = "$(BUILT_PRODUCTS_DIR)/SearchSwiftSample.app/SearchSwiftSample";
			};
			name = Debug;
		};
		D9488D61200F4E21005B883D /* Release */ = {
			isa = XCBuildConfiguration;
			buildSettings = {
				ALWAYS_EMBED_SWIFT_STANDARD_LIBRARIES = YES;
				BUNDLE_LOADER = "$(TEST_HOST)";
				CODE_SIGN_STYLE = Automatic;
				DEVELOPMENT_TEAM = R3N9B3ER78;
				INFOPLIST_FILE = SearchSwiftSampleTests/Info.plist;
				LD_RUNPATH_SEARCH_PATHS = "$(inherited) @executable_path/Frameworks @loader_path/Frameworks";
				PRODUCT_BUNDLE_IDENTIFIER = com.swati.SearchSwiftSampleTests;
				PRODUCT_NAME = "$(TARGET_NAME)";
				SWIFT_VERSION = 4.0;
				TARGETED_DEVICE_FAMILY = "1,2";
				TEST_HOST = "$(BUILT_PRODUCTS_DIR)/SearchSwiftSample.app/SearchSwiftSample";
			};
			name = Release;
		};
/* End XCBuildConfiguration section */

/* Begin XCConfigurationList section */
		D9488D3A200F4E21005B883D /* Build configuration list for PBXProject "SearchSwiftSample" */ = {
			isa = XCConfigurationList;
			buildConfigurations = (
				D9488D5A200F4E21005B883D /* Debug */,
				D9488D5B200F4E21005B883D /* Release */,
			);
			defaultConfigurationIsVisible = 0;
			defaultConfigurationName = Release;
		};
		D9488D5C200F4E21005B883D /* Build configuration list for PBXNativeTarget "SearchSwiftSample" */ = {
			isa = XCConfigurationList;
			buildConfigurations = (
				D9488D5D200F4E21005B883D /* Debug */,
				D9488D5E200F4E21005B883D /* Release */,
			);
			defaultConfigurationIsVisible = 0;
			defaultConfigurationName = Release;
		};
		D9488D5F200F4E21005B883D /* Build configuration list for PBXNativeTarget "SearchSwiftSampleTests" */ = {
			isa = XCConfigurationList;
			buildConfigurations = (
				D9488D60200F4E21005B883D /* Debug */,
				D9488D61200F4E21005B883D /* Release */,
			);
			defaultConfigurationIsVisible = 0;
			defaultConfigurationName = Release;
		};
/* End XCConfigurationList section */
	};
	rootObject = D9488D37200F4E21005B883D /* Project object */;
}
